
Microsoft Visual Studio Solution File, Format Version 12.00
# Visual Studio Version 17
VisualStudioVersion = 17.11.35303.130
MinimumVisualStudioVersion = 10.0.40219.1
Project("{FAE04EC0-301F-11D3-BF4B-00C04F79EFBC}") = "KiểmTraFE", "KiểmTraFE\KiểmTraFE.csproj", "{8B243D3D-A212-4E63-ACD2-D552C4F22320}"
EndProject
Global
	GlobalSection(SolutionConfigurationPlatforms) = preSolution
		Debug|Any CPU = Debug|Any CPU
		Release|Any CPU = Release|Any CPU
	EndGlobalSection
	GlobalSection(ProjectConfigurationPlatforms) = postSolution
		{8B243D3D-A212-4E63-ACD2-D552C4F22320}.Debug|Any CPU.ActiveCfg = Debug|Any CPU
		{8B243D3D-A212-4E63-ACD2-D552C4F22320}.Debug|Any CPU.Build.0 = Debug|Any CPU
		{8B243D3D-A212-4E63-ACD2-D552C4F22320}.Release|Any CPU.ActiveCfg = Release|Any CPU
		{8B243D3D-A212-4E63-ACD2-D552C4F22320}.Release|Any CPU.Build.0 = Release|Any CPU
	EndGlobalSection
	GlobalSection(SolutionProperties) = preSolution
		HideSolutionNode = FALSE
	EndGlobalSection
	GlobalSection(ExtensibilityGlobals) = postSolution
		SolutionGuid = {5FFD840D-DA72-4FF3-8FDE-5DC6ACC497BA}
	EndGlobalSection
EndGlobal
